{
  "name": "multimodal",
  "version": "1.0.0",
  "lockfileVersion": 1,
  "requires": true,
  "dependencies": {
    "bindings": {
      "version": "1.3.0",
      "resolved": "https://registry.npmjs.org/bindings/-/bindings-1.3.0.tgz",
      "integrity": "sha512-DpLh5EzMR2kzvX1KIlVC0VkC3iZtHKTgdtZ0a3pglBZdaQFjt5S9g9xd1lE+YvXyfd6mtCeRnrUfOLYiTMlNSw=="
    },
    "lodash": {
      "version": "4.17.4",
      "resolved": "https://registry.npmjs.org/lodash/-/lodash-4.17.4.tgz",
      "integrity": "sha1-eCA6TRwyiuHYbcpkYONptX9AVa4="
    },
    "mcp-spi-adc": {
      "version": "1.0.0",
      "resolved": "https://registry.npmjs.org/mcp-spi-adc/-/mcp-spi-adc-1.0.0.tgz",
      "integrity": "sha512-qvN3sXNJhBy50IGIW7VCB2sRTfrsW5ya/RGeuiVZqodPky1qKgLKUJLQ77T+CfrDDJ2L1uknudioLgm6UqrN+g==",
      "requires": {
        "lodash": "4.17.4",
        "spi-device": "1.0.1"
      }
    },
    "nan": {
      "version": "2.7.0",
      "resolved": "https://registry.npmjs.org/nan/-/nan-2.7.0.tgz",
      "integrity": "sha1-2Vv3IeyHfgjbJ27T/G63j5CDrUY="
    },
    "rpio": {
      "version": "0.9.19",
      "resolved": "https://registry.npmjs.org/rpio/-/rpio-0.9.19.tgz",
      "integrity": "sha1-FxtsClVVuerq0xd5Lt2HMWil2Nw=",
      "requires": {
        "bindings": "1.3.0",
        "nan": "2.7.0"
      }
    },
    "spi-device": {
      "version": "1.0.1",
      "resolved": "https://registry.npmjs.org/spi-device/-/spi-device-1.0.1.tgz",
      "integrity": "sha512-w0oMbD580yYmOzxAG4bxLqx7WeMNdyn8qYH2fzxhJCAHREa7z36Spa1wMSiQeaNAQzcts795dEg518WQivqFVA==",
      "requires": {
        "bindings": "1.3.0",
        "nan": "2.7.0"
      }
    }
  }
}
